cloud.google.com/go v0.26.0/go.mod h1:aQUYkXzVsufM+DwF1aE+0xfcU+56JwCaLick0ClmMTw=
github.com/BurntSushi/toml v0.3.1/go.mod h1:xHWCNGjB5oqiDr8zfno3MHue2Ht5sIBksp03qcyfWMU=
github.com/census-instrumentation/opencensus-proto v0.2.1/go.mod h1:f6KPmirojxKA12rnyqOA5BBL4O983OfeGPqjHWSTneU=
github.com/client9/misspell v0.3.4/go.mod h1:qj6jICC3Q7zFZvVWo7KLAzC3yx5G7kyvSDkc90ppPyw=
github.com/cncf/udpa/go v0.0.0-20191209042840-269d4d468f6f/go.mod h1:M8M6+tZqaGXZJjfX53e64911xZQV5JYwmTeXPW+k8Sc=
github.com/ditrit/gandalf v0.0.0-20200709090245-ae80687c7ff8 h1:IGOTU4wmynRzb58Wa1T0C68u4743z4rq2nQ7ooGW290=
github.com/ditrit/gandalf v0.0.0-20200828084902-a2d405d1aeab h1:xVaOftJkh/RV3EBMDbBZs/jiSTi9Ua/wFUW1bIW17Dw=
github.com/ditrit/gandalf v0.0.0-20201103093952-e2b718776c22 h1:WQc757fkK6hvJMIiDSvDkiFWwVhg8M8sheGsvFFi1vE=
github.com/ditrit/gandalf/connectors/go v0.0.0-20200709080301-6c04bd9f070a h1:hfwPOgsGIn58xog9tFIfUHN2VwzuQ4goDXpvmDXWmcQ=
github.com/ditrit/gandalf/connectors/go v0.0.0-20200709080301-6c04bd9f070a/go.mod h1:S3JezVkCvsm6zYpA34fdzUU5hWaLZ/UtcvMRtiFhVgo=
github.com/ditrit/gandalf/connectors/go v0.0.0-20200716082602-19393c3ffcf4 h1:6wlHzIyH6fHpVadIlqWw1oKUh/XIN+tXcztXMMekkl8=
github.com/ditrit/gandalf/connectors/go v0.0.0-20200716082602-19393c3ffcf4/go.mod h1:S3JezVkCvsm6zYpA34fdzUU5hWaLZ/UtcvMRtiFhVgo=
github.com/ditrit/gandalf/connectors/go v0.0.0-20200716101344-a0335256a57d h1:XQUr31O6on0yAUtEaIoD9JxuDy4FSSTgaRgXd2AjunI=
github.com/ditrit/gandalf/connectors/go v0.0.0-20200716101344-a0335256a57d/go.mod h1:S3JezVkCvsm6zYpA34fdzUU5hWaLZ/UtcvMRtiFhVgo=
github.com/ditrit/gandalf/connectors/go v0.0.0-20200828084902-a2d405d1aeab h1:zOSFnZkkDtmBHjvKBMUPNTXYRRp3JrY0FP3vzwt4BqE=
github.com/ditrit/gandalf/connectors/go v0.0.0-20201103092708-7d1dddc15110 h1:QAoSWv0N6JTexlhkPzlx4pTYmYRw/v/DxHJtxK9kkKA=
github.com/ditrit/gandalf/connectors/go v0.0.0-20201103092708-7d1dddc15110/go.mod h1:h04UjiyIMJNPYNqcgFKR7aYph1YT4TZGL9gzaztYiWk=
github.com/ditrit/gandalf/connectors/go v0.0.0-20201103095201-00e932fc8a93 h1:kD788PmaEQrcJU5TJUd0b7d8oCjyt0Ks/kz16Zn6emE=
github.com/ditrit/gandalf/connectors/go v0.0.0-20201103095201-00e932fc8a93/go.mod h1:h04UjiyIMJNPYNqcgFKR7aYph1YT4TZGL9gzaztYiWk=
github.com/ditrit/gandalf/connectors/go v0.0.0-20201103144851-c6e3cb8f280b h1:c6D0MQgMtChZCOhHr4ouAU0DQMzdhvrCQxl2906cf3c=
github.com/ditrit/gandalf/connectors/go v0.0.0-20201103144851-c6e3cb8f280b/go.mod h1:JnLggm7ikMgtLTgAJKJEK2FhUUEF21xjq0LC/+ZxTbs=
github.com/ditrit/gandalf/connectors/go v0.0.0-20201109110036-1bf3927bee0b h1:N10r9M1fLebX/QrJyKQ9m2c4jqWcVIyMaLzVXiBxiF0=
github.com/ditrit/gandalf/connectors/go v0.0.0-20201109110036-1bf3927bee0b/go.mod h1:JnLggm7ikMgtLTgAJKJEK2FhUUEF21xjq0LC/+ZxTbs=
github.com/ditrit/gandalf/connectors/go v0.0.0-20201110135440-419ee9325a86 h1:43XaC5rRpaCcqU5VHt3LptiZjnrUmrGrIjmX6UKJ6yo=
github.com/ditrit/gandalf/connectors/go v0.0.0-20201110135440-419ee9325a86/go.mod h1:JnLggm7ikMgtLTgAJKJEK2FhUUEF21xjq0LC/+ZxTbs=
github.com/ditrit/gandalf/connectors/go v0.0.0-20201110140122-d7f749a61c38 h1:4FXOOYv6zjlvpg7g5q0wAxqiFUFsEVTHjOH+GCQYuGY=
github.com/ditrit/gandalf/connectors/go v0.0.0-20201110140122-d7f749a61c38/go.mod h1:JnLggm7ikMgtLTgAJKJEK2FhUUEF21xjq0LC/+ZxTbs=
github.com/ditrit/gandalf/connectors/go v0.0.0-20201125113802-8f6b93f8e436 h1:oacUInAAgA9hs8MimcGW87YXghrdJR26TEeldqvRV04=
github.com/ditrit/gandalf/connectors/go v0.0.0-20201125113802-8f6b93f8e436/go.mod h1:JnLggm7ikMgtLTgAJKJEK2FhUUEF21xjq0LC/+ZxTbs=
github.com/ditrit/gandalf/connectors/go v0.0.0-20201203083001-2299ed4760a1 h1:V8R/WWW8hxz7uT614lI67uNxrCKAilS/mjdac7KcYTE=
github.com/ditrit/gandalf/connectors/go v0.0.0-20201203083001-2299ed4760a1/go.mod h1:JnLggm7ikMgtLTgAJKJEK2FhUUEF21xjq0LC/+ZxTbs=
github.com/ditrit/gandalf/connectors/go v0.0.0-20201203083926-e4f59046859e h1:ZRabxcJ1ZWKtHdvNaIQgMry/OVP4Di1atTmX+6Cqz+Y=
github.com/ditrit/gandalf/connectors/go v0.0.0-20201203083926-e4f59046859e/go.mod h1:JnLggm7ikMgtLTgAJKJEK2FhUUEF21xjq0LC/+ZxTbs=
github.com/ditrit/gandalf/connectors/go v0.0.0-20201203084938-471c9d63770d h1:NBD9buQLIse+jE8wRsXu970PJxay6eEwIiX2Gwp/baM=
github.com/ditrit/gandalf/connectors/go v0.0.0-20201203084938-471c9d63770d/go.mod h1:JnLggm7ikMgtLTgAJKJEK2FhUUEF21xjq0LC/+ZxTbs=
github.com/ditrit/gandalf/connectors/goworkflow v0.0.0-20200709090245-ae80687c7ff8 h1:a41I8on4YVnrI+eHssjRcdE3Nkmo5JNWmH/W411skos=
github.com/ditrit/gandalf/connectors/goworkflow v0.0.0-20200709090245-ae80687c7ff8/go.mod h1:P+uXZ8Cf/Fy3Q0lVbGx0ezebzrVlIBaSJNkEB6mlkqU=
github.com/ditrit/gandalf/connectors/goworkflow v0.0.0-20200716082006-ff154d6fd90f h1:xBdQ2pp+jvoBCrs7WOSjpWT69/BaPjPpKeDYAHcgm7U=
github.com/ditrit/gandalf/connectors/goworkflow v0.0.0-20200716082006-ff154d6fd90f/go.mod h1:P+uXZ8Cf/Fy3Q0lVbGx0ezebzrVlIBaSJNkEB6mlkqU=
github.com/ditrit/gandalf/connectors/goworkflow v0.0.0-20200716084909-545d9bf446fb h1:OSgccjRzE0WpMgro2CJ3Bwq4gwTKHdsXdbbVdXtb6AA=
github.com/ditrit/gandalf/connectors/goworkflow v0.0.0-20200716084909-545d9bf446fb/go.mod h1:Vl1FSqfVoMaEJ2ekbx5h/VtAIq77ghBbFl/WnLe5qXQ=
github.com/ditrit/gandalf/connectors/goworkflow v0.0.0-20200716093805-ee883ee12f9e h1:ABwZjBfcgiybteX/mmhJSH5UtQpBpHl0ncDC8Zing0Q=
github.com/ditrit/gandalf/connectors/goworkflow v0.0.0-20200716093805-ee883ee12f9e/go.mod h1:Vl1FSqfVoMaEJ2ekbx5h/VtAIq77ghBbFl/WnLe5qXQ=
github.com/ditrit/gandalf/connectors/goworkflow v0.0.0-20200716094550-7191706b841c h1:EJ9kd/vozSC48x3TdzoG4GE/TH1qFaoZvcU3wLEirPQ=
github.com/ditrit/gandalf/connectors/goworkflow v0.0.0-20200716094550-7191706b841c/go.mod h1:Vl1FSqfVoMaEJ2ekbx5h/VtAIq77ghBbFl/WnLe5qXQ=
github.com/ditrit/gandalf/connectors/goworkflow v0.0.0-20200716095626-e5d5264a82ed h1:UpsiLMyfT+ykI1uHd4/1b/54UR8rjwo/RZaNryMmMe8=
github.com/ditrit/gandalf/connectors/goworkflow v0.0.0-20200716095626-e5d5264a82ed/go.mod h1:Vl1FSqfVoMaEJ2ekbx5h/VtAIq77ghBbFl/WnLe5qXQ=
github.com/ditrit/gandalf/connectors/goworkflow v0.0.0-20200716101513-1edac75da5b4 h1:ViZ8CRmhxaORL/thRp8Q2+MehiWccLU267p55NFwiqk=
github.com/ditrit/gandalf/connectors/goworkflow v0.0.0-20200716101513-1edac75da5b4/go.mod h1:cIYYwvbv0x6Sunqr72FVbKfBUev99wVTLGTM957x6jA=
github.com/ditrit/gandalf/connectors/goworkflow v0.0.0-20200716101655-4896b2b87d48 h1:EH72PhOVmZKY3588bwvcvqIsw6mD+jg3ukSGF0c1FU8=
github.com/ditrit/gandalf/connectors/goworkflow v0.0.0-20200716101655-4896b2b87d48/go.mod h1:cIYYwvbv0x6Sunqr72FVbKfBUev99wVTLGTM957x6jA=
github.com/ditrit/gandalf/libraries/goclient v0.0.0-20200626141445-daa8a3bd1d8d h1:u0lxU752ovbor3TyiYIQ70uJS3Iy41wQ++uG88Q20rk=
github.com/ditrit/gandalf/libraries/goclient v0.0.0-20200626141445-daa8a3bd1d8d/go.mod h1:D58ElO9o9XrrmZ+0/Xbau8JhqAWtH+QFMKacCRxxw5Y=
github.com/ditrit/gandalf/libraries/goclient v0.0.0-20201102152502-a8bd68f25944 h1:P3+SHrAvetgtvdwgKrt3L2UiJQsDCm3YPI6Y5XE2dnk=
github.com/ditrit/gandalf/libraries/goclient v0.0.0-20201102152502-a8bd68f25944/go.mod h1:yOaZPJHEWsMEHjV286kOiriGE9O8Gl7EzyqwgNFOdq8=
github.com/ditrit/gandalf/libraries/goclient v0.0.0-20201103121130-84465a067b83 h1:QHM36gbQUXJC4YuvTEmQl5j5OD4v5KGzIn0kUDGPAKY=
github.com/ditrit/gandalf/libraries/goclient v0.0.0-20201103121130-84465a067b83/go.mod h1:yOaZPJHEWsMEHjV286kOiriGE9O8Gl7EzyqwgNFOdq8=
github.com/ditrit/gandalf/libraries/goclient v0.0.0-20201112152035-c02bb95b56f0 h1:PV2i2NVxliJFm+R+QrXu824yCZMUgSBANIww9muWDWE=
github.com/ditrit/gandalf/libraries/goclient v0.0.0-20201112152035-c02bb95b56f0/go.mod h1:V1cLCbR16OWy3Yx2DKlSixBzmKMpJcCKaxP82vYEM/Q=
github.com/ditrit/gandalf/libraries/goclient v0.0.0-20201123160118-8758304bf7c4 h1:J6e52U15WKZY9kqTKVMrZQcPVSEn6uNyyRV49+d7Teo=
github.com/ditrit/gandalf/libraries/goclient v0.0.0-20201123160118-8758304bf7c4/go.mod h1:iLHOj4xQukOlouoELocjgIgzz+lOTx+FZGn39GSV6Dg=
github.com/ditrit/gandalf/libraries/goclient v0.0.0-20201124082229-6db45ee88597 h1:nkeldBrF6zhnaVPgyJRzez8rhP8uXmfi0zaA41NyTLk=
github.com/ditrit/gandalf/libraries/goclient v0.0.0-20201124082229-6db45ee88597/go.mod h1:iLHOj4xQukOlouoELocjgIgzz+lOTx+FZGn39GSV6Dg=
github.com/ditrit/gandalf/libraries/goclient v0.0.0-20201124091804-664b4fbd63f3 h1:PErY6pXPuTPkZLswX+KTZfQ2Ue1VXd9sbLZS0VeSxro=
github.com/ditrit/gandalf/libraries/goclient v0.0.0-20201124091804-664b4fbd63f3/go.mod h1:iLHOj4xQukOlouoELocjgIgzz+lOTx+FZGn39GSV6Dg=
github.com/ditrit/gandalf/libraries/gogrpc v0.0.0-20201112151912-820425ffa76c h1:DGvw4urbtsiyWClK29naLGXC31Ir1VyY5NbQmOpYW+E=
github.com/ditrit/gandalf/libraries/gogrpc v0.0.0-20201112151912-820425ffa76c/go.mod h1:o40nl1jn5OJRz7+J0zsj9D8CxBkQLT4s6ocKFgY1cNQ=
github.com/ditrit/gandalf/libraries/gogrpc v0.0.0-20201123152302-5e1905d20166 h1:NkYiPcWntlzPCPC5xc0nF7FsqWqyPprj1MwLuyccMyU=
github.com/ditrit/gandalf/libraries/gogrpc v0.0.0-20201123152302-5e1905d20166/go.mod h1:o40nl1jn5OJRz7+J0zsj9D8CxBkQLT4s6ocKFgY1cNQ=
github.com/ditrit/shoset v0.0.0-20200615082144-3b2b2302e4a8/go.mod h1:Wg9TijF6I6WEvYJggVYIC+3GA4Mni4SBoLlwPcWPcM4=
github.com/ditrit/shoset v0.0.0-20200623114116-e81e7c43cfa0 h1:YYRUDM8HTcnetx71tvoucys4DkMI+vPyjDwFCqNRIys=
github.com/ditrit/shoset v0.0.0-20200623114116-e81e7c43cfa0/go.mod h1:Wg9TijF6I6WEvYJggVYIC+3GA4Mni4SBoLlwPcWPcM4=
github.com/ditrit/shoset v0.0.0-20201026092509-225b8a4a5276 h1:D/nP+zP9Ee4E2es+Amj1svN5xNpe1cC7ey59JjzISkc=
github.com/ditrit/shoset v0.0.0-20201026092509-225b8a4a5276/go.mod h1:Wg9TijF6I6WEvYJggVYIC+3GA4Mni4SBoLlwPcWPcM4=
github.com/envoyproxy/go-control-plane v0.9.0/go.mod h1:YTl/9mNaCwkRvm6d1a2C3ymFceY/DCBVvsKhRF0iEA4=
github.com/envoyproxy/go-control-plane v0.9.1-0.20191026205805-5f8ba28d4473/go.mod h1:YTl/9mNaCwkRvm6d1a2C3ymFceY/DCBVvsKhRF0iEA4=
github.com/envoyproxy/go-control-plane v0.9.4/go.mod h1:6rpuAdCZL397s3pYoYcLgu1mIlRU8Am5FuJP05cCM98=
github.com/envoyproxy/protoc-gen-validate v0.1.0/go.mod h1:iSmxcyjqTsJpI2R4NaDN7+kN2VEUnK/pcBlmesArF7c=
github.com/ghodss/yaml v1.0.0/go.mod h1:4dBDuWmgqj2HViK6kFavaiC9ZROes6MMH2rRYeMEF04=
github.com/go-chi/chi v4.1.2+incompatible h1:fGFk2Gmi/YKXk0OmGfBh0WgmN3XB8lVnEyNz34tQRec=
github.com/go-chi/chi v4.1.2+incompatible/go.mod h1:eB3wogJHnLi3x/kFX2A+IbTBlXxmMeXJVKy9tTv1XzQ=
github.com/golang/glog v0.0.0-20160126235308-23def4e6c14b/go.mod h1:SBH7ygxi8pfUlaOkMMuAQtPIUF8ecWP5IEl/CR7VP2Q=
github.com/golang/mock v1.1.1/go.mod h1:oTYuIxOrZwtPieC+H1uAHpcLFnEyAGVDL/k47Jfbm0A=
github.com/golang/protobuf v1.2.0/go.mod h1:6lQm79b+lXiMfvg/cZm0SGofjICqVBUtrP5yJMmIC1U=
github.com/golang/protobuf v1.3.2/go.mod h1:6lQm79b+lXiMfvg/cZm0SGofjICqVBUtrP5yJMmIC1U=
github.com/golang/protobuf v1.3.3/go.mod h1:vzj43D7+SQXF/4pzW/hwtAqwc6iTitCiVSaWz5lYuqw=
github.com/golang/protobuf v1.4.0-rc.1/go.mod h1:ceaxUfeHdC40wWswd/P6IGgMaK3YpKi5j83Wpe3EHw8=
github.com/golang/protobuf v1.4.0-rc.1.0.20200221234624-67d41d38c208/go.mod h1:xKAWHe0F5eneWXFV3EuXVDTCmh+JuBKY0li0aMyXATA=
github.com/golang/protobuf v1.4.0-rc.2/go.mod h1:LlEzMj4AhA7rCAGe4KMBDvJI+AwstrUpVNzEA03Pprs=
github.com/golang/protobuf v1.4.0-rc.4.0.20200313231945-b860323f09d0/go.mod h1:WU3c8KckQ9AFe+yFwt9sWVRKCVIyN9cPHBJSNnbL67w=
github.com/golang/protobuf v1.4.0/go.mod h1:jodUvKwWbYaEsadDk5Fwe5c77LiNKVO9IDvqG2KuDX0=
github.com/golang/protobuf v1.4.1/go.mod h1:U8fpvMrcmy5pZrNK1lt4xCsGvpyWQ/VVv6QDs8UjoX8=
github.com/golang/protobuf v1.4.2 h1:+Z5KGCizgyZCbGh1KZqA0fcLLkwbsjIzS4aV2v7wJX0=
github.com/golang/protobuf v1.4.2/go.mod h1:oDoupMAO8OvCJWAcko0GGGIgR6R6ocIYbsSw735rRwI=
github.com/golang/protobuf v1.4.3 h1:JjCZWpVbqXDqFVmTfYWEVTMIYrL/NPdPSCHPJ0T/raM=
github.com/golang/protobuf v1.4.3/go.mod h1:oDoupMAO8OvCJWAcko0GGGIgR6R6ocIYbsSw735rRwI=
github.com/google/go-cmp v0.2.0/go.mod h1:oXzfMopK8JAjlY9xF4vHSVASa0yLyX7SntLO5aqRK0M=
github.com/google/go-cmp v0.3.0/go.mod h1:8QqcDgzrUqlUb/G2PQTWiueGozuR1884gddMywk6iLU=
github.com/google/go-cmp v0.3.1/go.mod h1:8QqcDgzrUqlUb/G2PQTWiueGozuR1884gddMywk6iLU=
github.com/google/go-cmp v0.4.0/go.mod h1:v8dTdLbMG2kIc/vJvl+f65V22dbkXbowE6jgT/gNBxE=
github.com/google/go-cmp v0.5.0/go.mod h1:v8dTdLbMG2kIc/vJvl+f65V22dbkXbowE6jgT/gNBxE=
github.com/google/uuid v1.1.1 h1:Gkbcsh/GbpXz7lPftLA3P6TYMwjCLYm83jiFQZF/3gY=
github.com/google/uuid v1.1.1/go.mod h1:TIyPZe4MgqvfeYDBFedMoGGpEw/LqOeaOT+nhxU+yHo=
github.com/google/uuid v1.1.2 h1:EVhdT+1Kseyi1/pUmXKaFxYsDNy9RQYkMWRH68J/W7Y=
github.com/google/uuid v1.1.2/go.mod h1:TIyPZe4MgqvfeYDBFedMoGGpEw/LqOeaOT+nhxU+yHo=
github.com/kjk/betterguid v0.0.0-20170621091430-c442874ba63a h1:b+Gt8sQs//Sl5Dcem5zP9Qc2FgEUAygREa2AAa2Vmcw=
github.com/kjk/betterguid v0.0.0-20170621091430-c442874ba63a/go.mod h1:uxRAhHE1nl34DpWgfe0CYbNYbCnYplaB6rZH9ReWtUk=
github.com/prometheus/client_model v0.0.0-20190812154241-14fe0d1b01d4/go.mod h1:xMI15A0UPsDsEKsMN9yxemIoYk6Tm2C1GtYGdfGttqA=
github.com/tkanos/gonfig v0.0.0-20181112185242-896f3d81fadf/go.mod h1:DaZPBuToMc2eezA9R9nDAnmS2RMwL7yEa5YD36ESQdI=
golang.org/x/crypto v0.0.0-20190308221718-c2843e01d9a2/go.mod h1:djNgcEr1/C05ACkg1iLfiJU5Ep61QUkGW8qpdssI0+w=
golang.org/x/crypto v0.0.0-20200622213623-75b288015ac9/go.mod h1:LzIPMQfyMNhhGPhUkYOs5KpL4U8rLKemX1yGLhDgUto=
golang.org/x/exp v0.0.0-20190121172915-509febef88a4/go.mod h1:CJ0aWSM057203Lf6IL+f9T1iT9GByDxfZKAQTCR3kQA=
golang.org/x/lint v0.0.0-20181026193005-c67002cb31c3/go.mod h1:UVdnD1Gm6xHRNCYTkRU2/jEulfH38KcIWyp/GAMgvoE=
golang.org/x/lint v0.0.0-20190227174305-5b3e6a55c961/go.mod h1:wehouNa3lNwaWXcvxsM5YxQ5yQlVC4a0KAMCusXpPoU=
golang.org/x/lint v0.0.0-20190313153728-d0100b6bd8b3/go.mod h1:6SW0HCj/g11FgYtHlgUYUwCkIfeOF89ocIRzGO/8vkc=
golang.org/x/net v0.0.0-20180724234803-3673e40ba225/go.mod h1:mL1N/T3taQHkDXs73rZJwtUhF3w3ftmwwsq0BUmARs4=
golang.org/x/net v0.0.0-20180826012351-8a410e7b638d/go.mod h1:mL1N/T3taQHkDXs73rZJwtUhF3w3ftmwwsq0BUmARs4=
golang.org/x/net v0.0.0-20190213061140-3a22650c66bd/go.mod h1:mL1N/T3taQHkDXs73rZJwtUhF3w3ftmwwsq0BUmARs4=
golang.org/x/net v0.0.0-20190311183353-d8887717615a h1:oWX7TPOiFAMXLq8o0ikBYfCJVlRHBcsciT5bXOrH628=
golang.org/x/net v0.0.0-20190311183353-d8887717615a/go.mod h1:t9HGtf8HONx5eT2rtn7q6eTqICYqUVnKs3thJo3Qplg=
golang.org/x/net v0.0.0-20190404232315-eb5bcb51f2a3/go.mod h1:t9HGtf8HONx5eT2rtn7q6eTqICYqUVnKs3thJo3Qplg=
golang.org/x/net v0.0.0-20200625001655-4c5254603344 h1:vGXIOMxbNfDTk/aXCmfdLgkrSV+Z2tcbze+pEc3v5W4=
golang.org/x/net v0.0.0-20200625001655-4c5254603344/go.mod h1:/O7V0waA8r7cgGh81Ro3o1hOxt32SMVPicZroKQ2sZA=
golang.org/x/net v0.0.0-20200707034311-ab3426394381 h1:VXak5I6aEWmAXeQjA+QSZzlgNrpq9mjcfDemuexIKsU=
golang.org/x/net v0.0.0-20200707034311-ab3426394381/go.mod h1:/O7V0waA8r7cgGh81Ro3o1hOxt32SMVPicZroKQ2sZA=
golang.org/x/oauth2 v0.0.0-20180821212333-d2e6202438be/go.mod h1:N/0e6XlmueqKjAGxoOufVs8QHGRruUQn6yWY3a++T0U=
golang.org/x/sync v0.0.0-20180314180146-1d60e4601c6f/go.mod h1:RxMgew5VJxzue5/jJTE5uejpjVlOe/izrB70Jof72aM=
golang.org/x/sync v0.0.0-20181108010431-42b317875d0f/go.mod h1:RxMgew5VJxzue5/jJTE5uejpjVlOe/izrB70Jof72aM=
golang.org/x/sync v0.0.0-20190423024810-112230192c58/go.mod h1:RxMgew5VJxzue5/jJTE5uejpjVlOe/izrB70Jof72aM=
golang.org/x/sys v0.0.0-20180830151530-49385e6e1522/go.mod h1:STP8DvDyc/dI5b8T5hshtkjS+E42TnysNCUPdjciGhY=
golang.org/x/sys v0.0.0-20190215142949-d0b11bdaac8a h1:1BGLXjeY4akVXGgbC9HugT3Jv3hCI0z56oJR5vAMgBU=
golang.org/x/sys v0.0.0-20190215142949-d0b11bdaac8a/go.mod h1:STP8DvDyc/dI5b8T5hshtkjS+E42TnysNCUPdjciGhY=
golang.org/x/sys v0.0.0-20190412213103-97732733099d/go.mod h1:h1NjWce9XRLGQEsW7wpKNCjG9DtNlClVuFLEZdDNbEs=
golang.org/x/sys v0.0.0-20200323222414-85ca7c5b95cd/go.mod h1:h1NjWce9XRLGQEsW7wpKNCjG9DtNlClVuFLEZdDNbEs=
golang.org/x/sys v0.0.0-20200625212154-ddb9806d33ae h1:Ih9Yo4hSPImZOpfGuA4bR/ORKTAbhZo2AbWNRCnevdo=
golang.org/x/sys v0.0.0-20200625212154-ddb9806d33ae/go.mod h1:h1NjWce9XRLGQEsW7wpKNCjG9DtNlClVuFLEZdDNbEs=
golang.org/x/text v0.3.0 h1:g61tztE5qeGQ89tm6NTjjM9VPIm088od1l6aSorWRWg=
golang.org/x/text v0.3.0/go.mod h1:NqM8EUOU14njkJ3fqMW+pc6Ldnwhi/IjpwHt7yyuwOQ=
golang.org/x/text v0.3.3 h1:cokOdA+Jmi5PJGXLlLllQSgYigAEfHXJAERHVMaCc2k=
golang.org/x/text v0.3.3/go.mod h1:5Zoc/QRtKVWzQhOtBMvqHzDpF6irO9z98xDceosuGiQ=
golang.org/x/tools v0.0.0-20180917221912-90fa682c2a6e/go.mod h1:n7NCudcB/nEzxVGmLbDWY5pfWTLqBcC2KZ6jyYvM4mQ=
golang.org/x/tools v0.0.0-20190114222345-bf090417da8b/go.mod h1:n7NCudcB/nEzxVGmLbDWY5pfWTLqBcC2KZ6jyYvM4mQ=
golang.org/x/tools v0.0.0-20190226205152-f727befe758c/go.mod h1:9Yl7xja0Znq3iFh3HoIrodX9oNMXvdceNzlUR8zjMvY=
golang.org/x/tools v0.0.0-20190311212946-11955173bddd/go.mod h1:LCzVGOaR6xXOjkQ3onu1FJEFr0SW1gC7cKk1uF8kGRs=
golang.org/x/tools v0.0.0-20190524140312-2c0ae7006135/go.mod h1:RgjU9mgBXZiqYHBnxXauZ1Gv1EHHAz9KjViQ78xBX0Q=
golang.org/x/xerrors v0.0.0-20191204190536-9bdfabe68543/go.mod h1:I/5z698sn9Ka8TeJc9MKroUUfqBBauWjQqLJ2OPfmY0=
google.golang.org/appengine v1.1.0/go.mod h1:EbEs0AVv82hx2wNQdGPgUI5lhzA/G0D9YwlJXL52JkM=
google.golang.org/appengine v1.4.0/go.mod h1:xpcJRLb0r/rnEns0DIKYYv+WjYCduHsrkT7/EB5XEv4=
google.golang.org/genproto v0.0.0-20180817151627-c66870c02cf8/go.mod h1:JiN7NxoALGmiZfu7CAH4rXhgtRTLTxftemlI0sWmxmc=
google.golang.org/genproto v0.0.0-20190819201941-24fa4b261c55/go.mod h1:DMBHOl98Agz4BDEuKkezgsaosCRResVns1a3J2ZsMNc=
google.golang.org/genproto v0.0.0-20200526211855-cb27e3aa2013 h1:+kGHl1aib/qcwaRi1CbqBZ1rk19r85MNUf8HaBghugY=
google.golang.org/genproto v0.0.0-20200526211855-cb27e3aa2013/go.mod h1:NbSheEEYHJ7i3ixzK3sjbqSGDJWnxyFXZblF3eUsNvo=
google.golang.org/genproto v0.0.0-20200626011028-ee7919e894b5 h1:a/Sqq5B3dGnmxhuJZIHFsIxhEkqElErr5TaU6IqBAj0=
google.golang.org/genproto v0.0.0-20200626011028-ee7919e894b5/go.mod h1:FWY/as6DDZQgahTzZj3fqbO1CbirC29ZNUFHwi0/+no=
google.golang.org/genproto v0.0.0-20200709005830-7a2ca40e9dc3 h1:JwLN1jVnmIsfE4HkDVe2AblFAbo0Z+4cjteDSOnv6oE=
google.golang.org/genproto v0.0.0-20200709005830-7a2ca40e9dc3/go.mod h1:FWY/as6DDZQgahTzZj3fqbO1CbirC29ZNUFHwi0/+no=
google.golang.org/genproto v0.0.0-20200715011427-11fb19a81f2c h1:6DWnZZ6EY/59QRRQttZKiktVL23UuQYs7uy75MhhLRM=
google.golang.org/genproto v0.0.0-20200715011427-11fb19a81f2c/go.mod h1:FWY/as6DDZQgahTzZj3fqbO1CbirC29ZNUFHwi0/+no=
google.golang.org/grpc v1.19.0/go.mod h1:mqu4LbDTu4XGKhr4mRzUsmM4RtVoemTSY81AxZiDr8c=
google.golang.org/grpc v1.23.0/go.mod h1:Y5yQAOtifL1yxbo5wqy6BxZv8vAUGQwXBOALyacEbxg=
google.golang.org/grpc v1.25.1/go.mod h1:c3i+UQWmh7LiEpx4sFZnkU36qjEYZ0imhYfXVyQciAY=
google.golang.org/grpc v1.27.0/go.mod h1:qbnxyOmOxrQa7FizSgH+ReBfzJrCY1pSN7KXBS8abTk=
google.golang.org/grpc v1.29.1/go.mod h1:itym6AZVZYACWQqET3MqgPpjcuV5QH3BxFS3IjizoKk=
google.golang.org/grpc v1.30.0 h1:M5a8xTlYTxwMn5ZFkwhRabsygDY5G8TYLyQDBxJNAxE=
google.golang.org/grpc v1.30.0/go.mod h1:N36X2cJ7JwdamYAgDz+s+rVMFjt3numwzf/HckM8pak=
google.golang.org/grpc v1.33.1 h1:DGeFlSan2f+WEtCERJ4J9GJWk15TxUi8QGagfI87Xyc=
google.golang.org/grpc v1.33.1/go.mod h1:fr5YgcSWrqhRRxogOsw7RzIpsmvOZ6IcH4kBYTpR3n0=
google.golang.org/grpc v1.33.2 h1:EQyQC3sa8M+p6Ulc8yy9SWSS2GVwyRc83gAbG8lrl4o=
google.golang.org/grpc v1.33.2/go.mod h1:JMHMWHQWaTccqQQlmk3MJZS+GWXOdAesneDmEnv2fbc=
google.golang.org/protobuf v0.0.0-20200109180630-ec00e32a8dfd/go.mod h1:DFci5gLYBciE7Vtevhsrf46CRTquxDuWsQurQQe4oz8=
google.golang.org/protobuf v0.0.0-20200221191635-4d8936d0db64/go.mod h1:kwYJMbMJ01Woi6D6+Kah6886xMZcty6N08ah7+eCXa0=
google.golang.org/protobuf v0.0.0-20200228230310-ab0ca4ff8a60/go.mod h1:cfTl7dwQJ+fmap5saPgwCLgHXTUD7jkjRqWcaiX5VyM=
google.golang.org/protobuf v1.20.1-0.20200309200217-e05f789c0967/go.mod h1:A+miEFZTKqfCUM6K7xSMQL9OKL/b6hQv+e19PK+JZNE=
google.golang.org/protobuf v1.21.0/go.mod h1:47Nbq4nVaFHyn7ilMalzfO3qCViNmqZ2kzikPIcrTAo=
google.golang.org/protobuf v1.22.0/go.mod h1:EGpADcykh3NcUnDUJcl1+ZksZNG86OlYog2l/sGQquU=
google.golang.org/protobuf v1.23.0/go.mod h1:EGpADcykh3NcUnDUJcl1+ZksZNG86OlYog2l/sGQquU=
google.golang.org/protobuf v1.23.1-0.20200526195155-81db48ad09cc/go.mod h1:EGpADcykh3NcUnDUJcl1+ZksZNG86OlYog2l/sGQquU=
google.golang.org/protobuf v1.24.0/go.mod h1:r/3tXBNzIEhYS9I1OUVjXDlt8tc493IdKGjtUeSXeh4=
google.golang.org/protobuf v1.25.0 h1:Ejskq+SyPohKW+1uil0JJMtmHCgJPJ/qWTxr8qp+R4c=
google.golang.org/protobuf v1.25.0/go.mod h1:9JNX74DMeImyA3h4bdi1ymwjUzf21/xIlbajtzgsN7c=
gopkg.in/check.v1 v0.0.0-20161208181325-20d25e280405/go.mod h1:Co6ibVJAznAaIkqp8huTwlJQCZ016jof/cbN4VW5Yz0=
gopkg.in/yaml.v2 v2.3.0/go.mod h1:hI93XBmqTisBFMUTm0b8Fm+jr3Dg1NNxqwp+5A1VGuI=
honnef.co/go/tools v0.0.0-20190102054323-c2f93a96b099/go.mod h1:rf3lG4BRIbNafJWhAfAdb/ePZxsR/4RtNHQocxwk9r4=
honnef.co/go/tools v0.0.0-20190523083050-ea95bdfd59fc/go.mod h1:rf3lG4BRIbNafJWhAfAdb/ePZxsR/4RtNHQocxwk9r4=
